// !$*UTF8*$!
{
	archiveVersion = 1;
	classes = {
	};
	objectVersion = 56;
	objects = {

/* Begin PBXBuildFile section */
		B814C5972C222A22008F4A60 /* StepProgressView.swift in Sources */ = {isa = PBXBuildFile; fileRef = B814C5962C222A22008F4A60 /* StepProgressView.swift */; };
		B8D4720D2C175DBB00D6716A /* BadgeView.swift in Sources */ = {isa = PBXBuildFile; fileRef = B8D4720C2C175DBB00D6716A /* BadgeView.swift */; };
		D2071D0C2BA62F300040B0AE /* voiceoutApp.swift in Sources */ = {isa = PBXBuildFile; fileRef = D2071D0B2BA62F300040B0AE /* voiceoutApp.swift */; };
		D2071D0E2BA62F300040B0AE /* ContentView.swift in Sources */ = {isa = PBXBuildFile; fileRef = D2071D0D2BA62F300040B0AE /* ContentView.swift */; };
		D2071D102BA62F340040B0AE /* Assets.xcassets in Resources */ = {isa = PBXBuildFile; fileRef = D2071D0F2BA62F340040B0AE /* Assets.xcassets */; };
		D2071D132BA62F340040B0AE /* Preview Assets.xcassets in Resources */ = {isa = PBXBuildFile; fileRef = D2071D122BA62F340040B0AE /* Preview Assets.xcassets */; };
		D2071D432BAA8C020040B0AE /* LoginView.swift in Sources */ = {isa = PBXBuildFile; fileRef = D2071D422BAA8C020040B0AE /* LoginView.swift */; };
		D2071D472BAB5E9E0040B0AE /* TextInputView.swift in Sources */ = {isa = PBXBuildFile; fileRef = D2071D462BAB5E9E0040B0AE /* TextInputView.swift */; };
		D2071D6C2BAB9E110040B0AE /* Localizable.strings in Resources */ = {isa = PBXBuildFile; fileRef = D2071D6E2BAB9E110040B0AE /* Localizable.strings */; };
		D25C2EC62BCF5BB50011212A /* AlibabaPuHuiTi-Medium.ttf in Resources */ = {isa = PBXBuildFile; fileRef = D25C2EC52BCF5BB50011212A /* AlibabaPuHuiTi-Medium.ttf */; };
		D25C2EC82BCF5BCB0011212A /* AlibabaPuHuiTi-Bold.ttf in Resources */ = {isa = PBXBuildFile; fileRef = D25C2EC72BCF5BCB0011212A /* AlibabaPuHuiTi-Bold.ttf */; };
		D25C2ECC2BCF6EB00011212A /* Typography.swift in Sources */ = {isa = PBXBuildFile; fileRef = D25C2ECB2BCF6EB00011212A /* Typography.swift */; };
		D25C2ED22BDDD5D20011212A /* Spacing.swift in Sources */ = {isa = PBXBuildFile; fileRef = D25C2ED12BDDD5D20011212A /* Spacing.swift */; };
		D28498DC2BDDE47F00963B3A /* ButtonView.swift in Sources */ = {isa = PBXBuildFile; fileRef = D28498DB2BDDE47F00963B3A /* ButtonView.swift */; };
		D28498EA2BE171F700963B3A /* Border.swift in Sources */ = {isa = PBXBuildFile; fileRef = D28498E92BE171F700963B3A /* Border.swift */; };
		D28498EC2BE19DE300963B3A /* SecuredTextInputView.swift in Sources */ = {isa = PBXBuildFile; fileRef = D28498EB2BE19DE300963B3A /* SecuredTextInputView.swift */; };
		D28498EE2BE1B64100963B3A /* EmailValidator.swift in Sources */ = {isa = PBXBuildFile; fileRef = D28498ED2BE1B64100963B3A /* EmailValidator.swift */; };
		D28499242BE9AAE300963B3A /* Popup.swift in Sources */ = {isa = PBXBuildFile; fileRef = D28499232BE9AAE200963B3A /* Popup.swift */; };
		D28499262BE9AB6200963B3A /* PopupView.swift in Sources */ = {isa = PBXBuildFile; fileRef = D28499252BE9AB6200963B3A /* PopupView.swift */; };
		D28499292BE9BFF900963B3A /* PopupViewModel.swift in Sources */ = {isa = PBXBuildFile; fileRef = D28499282BE9BFF900963B3A /* PopupViewModel.swift */; };
		D284992B2BEB0B4900963B3A /* RadioButtonView.swift in Sources */ = {isa = PBXBuildFile; fileRef = D284992A2BEB0B4800963B3A /* RadioButtonView.swift */; };
		D284992E2BEEF4D800963B3A /* LegalButton.swift in Sources */ = {isa = PBXBuildFile; fileRef = D284992D2BEEF4D700963B3A /* LegalButton.swift */; };
		D2B8F4C92C04049F0053F82B /* 注册协议.txt in Resources */ = {isa = PBXBuildFile; fileRef = D2B8F4C82C04049F0053F82B /* 注册协议.txt */; };
		D2B8F4CD2C0404FC0053F82B /* ⽤户隐私政策.txt in Resources */ = {isa = PBXBuildFile; fileRef = D2B8F4CC2C0404FB0053F82B /* ⽤户隐私政策.txt */; };
		D2D6CD782BF8E22300DD7688 /* LegalDialogContent.swift in Sources */ = {isa = PBXBuildFile; fileRef = D2D6CD772BF8E22200DD7688 /* LegalDialogContent.swift */; };
		D2D6CD7A2BF8FD0400DD7688 /* DialogViewModel.swift in Sources */ = {isa = PBXBuildFile; fileRef = D2D6CD792BF8FD0400DD7688 /* DialogViewModel.swift */; };
		D2D6CD7C2BF8FE3400DD7688 /* DialogView.swift in Sources */ = {isa = PBXBuildFile; fileRef = D2D6CD7B2BF8FE3400DD7688 /* DialogView.swift */; };
		D2D6CD812BFBD2BE00DD7688 /* LegalPopupContent.swift in Sources */ = {isa = PBXBuildFile; fileRef = D2D6CD802BFBD2BE00DD7688 /* LegalPopupContent.swift */; };
		D2D6CD852C03699000DD7688 /* RouterModel.swift in Sources */ = {isa = PBXBuildFile; fileRef = D2D6CD842C03699000DD7688 /* RouterModel.swift */; };
		D2D6CD872C036BCD00DD7688 /* RouterView.swift in Sources */ = {isa = PBXBuildFile; fileRef = D2D6CD862C036BCD00DD7688 /* RouterView.swift */; };
		D2D6CD892C038B1700DD7688 /* Color.swift in Sources */ = {isa = PBXBuildFile; fileRef = D2D6CD882C038B1700DD7688 /* Color.swift */; };
/* End PBXBuildFile section */

/* Begin PBXFileReference section */
		B814C5962C222A22008F4A60 /* StepProgressView.swift */ = {isa = PBXFileReference; lastKnownFileType = sourcecode.swift; path = StepProgressView.swift; sourceTree = "<group>"; };
		B8D4720C2C175DBB00D6716A /* BadgeView.swift */ = {isa = PBXFileReference; lastKnownFileType = sourcecode.swift; path = BadgeView.swift; sourceTree = "<group>"; };
		D2071D082BA62F300040B0AE /* voiceout.app */ = {isa = PBXFileReference; explicitFileType = wrapper.application; includeInIndex = 0; path = voiceout.app; sourceTree = BUILT_PRODUCTS_DIR; };
		D2071D0B2BA62F300040B0AE /* voiceoutApp.swift */ = {isa = PBXFileReference; lastKnownFileType = sourcecode.swift; path = voiceoutApp.swift; sourceTree = "<group>"; };
		D2071D0D2BA62F300040B0AE /* ContentView.swift */ = {isa = PBXFileReference; lastKnownFileType = sourcecode.swift; path = ContentView.swift; sourceTree = "<group>"; };
		D2071D0F2BA62F340040B0AE /* Assets.xcassets */ = {isa = PBXFileReference; lastKnownFileType = folder.assetcatalog; path = Assets.xcassets; sourceTree = "<group>"; };
		D2071D122BA62F340040B0AE /* Preview Assets.xcassets */ = {isa = PBXFileReference; lastKnownFileType = folder.assetcatalog; path = "Preview Assets.xcassets"; sourceTree = "<group>"; };
		D2071D422BAA8C020040B0AE /* LoginView.swift */ = {isa = PBXFileReference; lastKnownFileType = sourcecode.swift; path = LoginView.swift; sourceTree = "<group>"; };
		D2071D462BAB5E9E0040B0AE /* TextInputView.swift */ = {isa = PBXFileReference; lastKnownFileType = sourcecode.swift; path = TextInputView.swift; sourceTree = "<group>"; };
		D2071D6D2BAB9E110040B0AE /* en */ = {isa = PBXFileReference; lastKnownFileType = text.plist.strings; name = en; path = en.lproj/Localizable.strings; sourceTree = "<group>"; };
		D2071D6F2BAB9E260040B0AE /* zh-Hans */ = {isa = PBXFileReference; lastKnownFileType = text.plist.strings; name = "zh-Hans"; path = "zh-Hans.lproj/Localizable.strings"; sourceTree = "<group>"; };
		D25C2EC52BCF5BB50011212A /* AlibabaPuHuiTi-Medium.ttf */ = {isa = PBXFileReference; lastKnownFileType = file; path = "AlibabaPuHuiTi-Medium.ttf"; sourceTree = "<group>"; };
		D25C2EC72BCF5BCB0011212A /* AlibabaPuHuiTi-Bold.ttf */ = {isa = PBXFileReference; lastKnownFileType = file; path = "AlibabaPuHuiTi-Bold.ttf"; sourceTree = "<group>"; };
		D25C2ECB2BCF6EB00011212A /* Typography.swift */ = {isa = PBXFileReference; lastKnownFileType = sourcecode.swift; path = Typography.swift; sourceTree = "<group>"; };
		D25C2ED12BDDD5D20011212A /* Spacing.swift */ = {isa = PBXFileReference; lastKnownFileType = sourcecode.swift; path = Spacing.swift; sourceTree = "<group>"; };
		D28498DB2BDDE47F00963B3A /* ButtonView.swift */ = {isa = PBXFileReference; lastKnownFileType = sourcecode.swift; path = ButtonView.swift; sourceTree = "<group>"; };
		D28498E92BE171F700963B3A /* Border.swift */ = {isa = PBXFileReference; lastKnownFileType = sourcecode.swift; path = Border.swift; sourceTree = "<group>"; };
		D28498EB2BE19DE300963B3A /* SecuredTextInputView.swift */ = {isa = PBXFileReference; lastKnownFileType = sourcecode.swift; path = SecuredTextInputView.swift; sourceTree = "<group>"; };
		D28498ED2BE1B64100963B3A /* EmailValidator.swift */ = {isa = PBXFileReference; lastKnownFileType = sourcecode.swift; path = EmailValidator.swift; sourceTree = "<group>"; };
		D28499232BE9AAE200963B3A /* Popup.swift */ = {isa = PBXFileReference; lastKnownFileType = sourcecode.swift; path = Popup.swift; sourceTree = "<group>"; };
		D28499252BE9AB6200963B3A /* PopupView.swift */ = {isa = PBXFileReference; lastKnownFileType = sourcecode.swift; path = PopupView.swift; sourceTree = "<group>"; };
		D28499282BE9BFF900963B3A /* PopupViewModel.swift */ = {isa = PBXFileReference; lastKnownFileType = sourcecode.swift; path = PopupViewModel.swift; sourceTree = "<group>"; };
		D284992A2BEB0B4800963B3A /* RadioButtonView.swift */ = {isa = PBXFileReference; lastKnownFileType = sourcecode.swift; path = RadioButtonView.swift; sourceTree = "<group>"; };
		D284992D2BEEF4D700963B3A /* LegalButton.swift */ = {isa = PBXFileReference; lastKnownFileType = sourcecode.swift; path = LegalButton.swift; sourceTree = "<group>"; };
		D2B8F4C82C04049F0053F82B /* 注册协议.txt */ = {isa = PBXFileReference; fileEncoding = 4; lastKnownFileType = text; path = "注册协议.txt"; sourceTree = "<group>"; };
		D2B8F4CC2C0404FB0053F82B /* ⽤户隐私政策.txt */ = {isa = PBXFileReference; fileEncoding = 4; lastKnownFileType = text; path = "⽤户隐私政策.txt"; sourceTree = "<group>"; };
		D2D6CD772BF8E22200DD7688 /* LegalDialogContent.swift */ = {isa = PBXFileReference; lastKnownFileType = sourcecode.swift; path = LegalDialogContent.swift; sourceTree = "<group>"; };
		D2D6CD792BF8FD0400DD7688 /* DialogViewModel.swift */ = {isa = PBXFileReference; lastKnownFileType = sourcecode.swift; path = DialogViewModel.swift; sourceTree = "<group>"; };
		D2D6CD7B2BF8FE3400DD7688 /* DialogView.swift */ = {isa = PBXFileReference; lastKnownFileType = sourcecode.swift; path = DialogView.swift; sourceTree = "<group>"; };
		D2D6CD802BFBD2BE00DD7688 /* LegalPopupContent.swift */ = {isa = PBXFileReference; lastKnownFileType = sourcecode.swift; path = LegalPopupContent.swift; sourceTree = "<group>"; };
		D2D6CD842C03699000DD7688 /* RouterModel.swift */ = {isa = PBXFileReference; lastKnownFileType = sourcecode.swift; path = RouterModel.swift; sourceTree = "<group>"; };
		D2D6CD862C036BCD00DD7688 /* RouterView.swift */ = {isa = PBXFileReference; lastKnownFileType = sourcecode.swift; path = RouterView.swift; sourceTree = "<group>"; };
		D2D6CD882C038B1700DD7688 /* Color.swift */ = {isa = PBXFileReference; lastKnownFileType = sourcecode.swift; path = Color.swift; sourceTree = "<group>"; };
/* End PBXFileReference section */

/* Begin PBXFrameworksBuildPhase section */
		D2071D052BA62F300040B0AE /* Frameworks */ = {
			isa = PBXFrameworksBuildPhase;
			buildActionMask = 2147483647;
			files = (
			);
			runOnlyForDeploymentPostprocessing = 0;
		};
/* End PBXFrameworksBuildPhase section */

/* Begin PBXGroup section */
		D2071CFF2BA62F300040B0AE = {
			isa = PBXGroup;
			children = (
				D2071D0A2BA62F300040B0AE /* voiceout */,
				D2071D092BA62F300040B0AE /* Products */,
			);
			sourceTree = "<group>";
		};
		D2071D092BA62F300040B0AE /* Products */ = {
			isa = PBXGroup;
			children = (
				D2071D082BA62F300040B0AE /* voiceout.app */,
			);
			name = Products;
			sourceTree = "<group>";
		};
		D2071D0A2BA62F300040B0AE /* voiceout */ = {
			isa = PBXGroup;
			children = (
				D25C2ED02BDDD58B0011212A /* Utils */,
				D2071D382BAA82E70040B0AE /* Models */,
				D2071D552BAB8A6C0040B0AE /* Resources */,
				D2071D442BAA8CD00040B0AE /* Services */,
				D2071D3A2BAA83030040B0AE /* ViewModels */,
				D2071D372BAA82D40040B0AE /* Views */,
				D2071D0B2BA62F300040B0AE /* voiceoutApp.swift */,
				D2071D0F2BA62F340040B0AE /* Assets.xcassets */,
				D2071D112BA62F340040B0AE /* Preview Content */,
			);
			path = voiceout;
			sourceTree = "<group>";
		};
		D2071D112BA62F340040B0AE /* Preview Content */ = {
			isa = PBXGroup;
			children = (
				D2071D122BA62F340040B0AE /* Preview Assets.xcassets */,
			);
			path = "Preview Content";
			sourceTree = "<group>";
		};
		D2071D372BAA82D40040B0AE /* Views */ = {
			isa = PBXGroup;
			children = (
				D2071D452BAB5E7D0040B0AE /* Components */,
				D2071D412BAA8B880040B0AE /* Authentication */,
				D2071D0D2BA62F300040B0AE /* ContentView.swift */,
				D2D6CD862C036BCD00DD7688 /* RouterView.swift */,
			);
			path = Views;
			sourceTree = "<group>";
		};
		D2071D382BAA82E70040B0AE /* Models */ = {
			isa = PBXGroup;
			children = (
			);
			path = Models;
			sourceTree = "<group>";
		};
		D2071D3A2BAA83030040B0AE /* ViewModels */ = {
			isa = PBXGroup;
			children = (
				D28499272BE9BFB900963B3A /* Components */,
				D2D6CD842C03699000DD7688 /* RouterModel.swift */,
			);
			path = ViewModels;
			sourceTree = "<group>";
		};
		D2071D412BAA8B880040B0AE /* Authentication */ = {
			isa = PBXGroup;
			children = (
				D284992C2BEEF3FE00963B3A /* Components */,
				D2071D422BAA8C020040B0AE /* LoginView.swift */,
			);
			path = Authentication;
			sourceTree = "<group>";
		};
		D2071D442BAA8CD00040B0AE /* Services */ = {
			isa = PBXGroup;
			children = (
			);
			path = Services;
			sourceTree = "<group>";
		};
		D2071D452BAB5E7D0040B0AE /* Components */ = {
			isa = PBXGroup;
			children = (
				D2071D462BAB5E9E0040B0AE /* TextInputView.swift */,
				D28498DB2BDDE47F00963B3A /* ButtonView.swift */,
				D28498EB2BE19DE300963B3A /* SecuredTextInputView.swift */,
				D28499252BE9AB6200963B3A /* PopupView.swift */,
				D284992A2BEB0B4800963B3A /* RadioButtonView.swift */,
				D2D6CD7B2BF8FE3400DD7688 /* DialogView.swift */,
				B8D4720C2C175DBB00D6716A /* BadgeView.swift */,
				B814C5962C222A22008F4A60 /* StepProgressView.swift */,
			);
			path = Components;
			sourceTree = "<group>";
		};
		D2071D552BAB8A6C0040B0AE /* Resources */ = {
			isa = PBXGroup;
			children = (
				D2D6CD7D2BFBCF7000DD7688 /* Legal */,
				D2BA2F9F2BCE0E15006DA63D /* Fonts */,
				D2071D6E2BAB9E110040B0AE /* Localizable.strings */,
			);
			path = Resources;
			sourceTree = "<group>";
		};
		D25C2EC42BCF56790011212A /* Foundation */ = {
			isa = PBXGroup;
			children = (
				D25C2ECB2BCF6EB00011212A /* Typography.swift */,
				D25C2ED12BDDD5D20011212A /* Spacing.swift */,
				D28498E92BE171F700963B3A /* Border.swift */,
				D28499232BE9AAE200963B3A /* Popup.swift */,
				D2D6CD882C038B1700DD7688 /* Color.swift */,
			);
			path = Foundation;
			sourceTree = "<group>";
		};
		D25C2ED02BDDD58B0011212A /* Utils */ = {
			isa = PBXGroup;
			children = (
				D25C2EC42BCF56790011212A /* Foundation */,
				D28498ED2BE1B64100963B3A /* EmailValidator.swift */,
			);
			path = Utils;
			sourceTree = "<group>";
		};
		D28499272BE9BFB900963B3A /* Components */ = {
			isa = PBXGroup;
			children = (
				D28499282BE9BFF900963B3A /* PopupViewModel.swift */,
				D2D6CD792BF8FD0400DD7688 /* DialogViewModel.swift */,
			);
			path = Components;
			sourceTree = "<group>";
		};
		D284992C2BEEF3FE00963B3A /* Components */ = {
			isa = PBXGroup;
			children = (
				D284992D2BEEF4D700963B3A /* LegalButton.swift */,
				D2D6CD772BF8E22200DD7688 /* LegalDialogContent.swift */,
				D2D6CD802BFBD2BE00DD7688 /* LegalPopupContent.swift */,
			);
			path = Components;
			sourceTree = "<group>";
		};
		D2BA2F9F2BCE0E15006DA63D /* Fonts */ = {
			isa = PBXGroup;
			children = (
				D25C2EC52BCF5BB50011212A /* AlibabaPuHuiTi-Medium.ttf */,
				D25C2EC72BCF5BCB0011212A /* AlibabaPuHuiTi-Bold.ttf */,
			);
			path = Fonts;
			sourceTree = "<group>";
		};
		D2D6CD7D2BFBCF7000DD7688 /* Legal */ = {
			isa = PBXGroup;
			children = (
				D2B8F4C82C04049F0053F82B /* 注册协议.txt */,
				D2B8F4CC2C0404FB0053F82B /* ⽤户隐私政策.txt */,
			);
			path = Legal;
			sourceTree = "<group>";
		};
/* End PBXGroup section */

/* Begin PBXNativeTarget section */
		D2071D072BA62F300040B0AE /* voiceout */ = {
			isa = PBXNativeTarget;
			buildConfigurationList = D2071D162BA62F340040B0AE /* Build configuration list for PBXNativeTarget "voiceout" */;
			buildPhases = (
				D2071D042BA62F300040B0AE /* Sources */,
				D2071D052BA62F300040B0AE /* Frameworks */,
				D2071D062BA62F300040B0AE /* Resources */,
			);
			buildRules = (
			);
			dependencies = (
			);
			name = voiceout;
			productName = voiceout;
			productReference = D2071D082BA62F300040B0AE /* voiceout.app */;
			productType = "com.apple.product-type.application";
		};
/* End PBXNativeTarget section */

/* Begin PBXProject section */
		D2071D002BA62F300040B0AE /* Project object */ = {
			isa = PBXProject;
			attributes = {
				BuildIndependentTargetsInParallel = 1;
				LastSwiftUpdateCheck = 1420;
				LastUpgradeCheck = 1420;
				TargetAttributes = {
					D2071D072BA62F300040B0AE = {
						CreatedOnToolsVersion = 14.2;
					};
				};
			};
			buildConfigurationList = D2071D032BA62F300040B0AE /* Build configuration list for PBXProject "voiceout" */;
			compatibilityVersion = "Xcode 14.0";
			developmentRegion = "zh-Hans";
			hasScannedForEncodings = 0;
			knownRegions = (
				en,
				Base,
				"zh-Hans",
			);
			mainGroup = D2071CFF2BA62F300040B0AE;
			productRefGroup = D2071D092BA62F300040B0AE /* Products */;
			projectDirPath = "";
			projectRoot = "";
			targets = (
				D2071D072BA62F300040B0AE /* voiceout */,
			);
		};
/* End PBXProject section */

/* Begin PBXResourcesBuildPhase section */
		D2071D062BA62F300040B0AE /* Resources */ = {
			isa = PBXResourcesBuildPhase;
			buildActionMask = 2147483647;
			files = (
				D2071D132BA62F340040B0AE /* Preview Assets.xcassets in Resources */,
				D2B8F4CD2C0404FC0053F82B /* ⽤户隐私政策.txt in Resources */,
				D2071D6C2BAB9E110040B0AE /* Localizable.strings in Resources */,
				D2071D102BA62F340040B0AE /* Assets.xcassets in Resources */,
				D25C2EC62BCF5BB50011212A /* AlibabaPuHuiTi-Medium.ttf in Resources */,
				D25C2EC82BCF5BCB0011212A /* AlibabaPuHuiTi-Bold.ttf in Resources */,
				D2B8F4C92C04049F0053F82B /* 注册协议.txt in Resources */,
			);
			runOnlyForDeploymentPostprocessing = 0;
		};
/* End PBXResourcesBuildPhase section */

/* Begin PBXSourcesBuildPhase section */
		D2071D042BA62F300040B0AE /* Sources */ = {
			isa = PBXSourcesBuildPhase;
			buildActionMask = 2147483647;
			files = (
				D25C2ECC2BCF6EB00011212A /* Typography.swift in Sources */,
				D28499292BE9BFF900963B3A /* PopupViewModel.swift in Sources */,
				D284992B2BEB0B4900963B3A /* RadioButtonView.swift in Sources */,
				D2D6CD782BF8E22300DD7688 /* LegalDialogContent.swift in Sources */,
				D2D6CD7C2BF8FE3400DD7688 /* DialogView.swift in Sources */,
				B814C5972C222A22008F4A60 /* StepProgressView.swift in Sources */,
				B8D4720D2C175DBB00D6716A /* BadgeView.swift in Sources */,
				D2071D432BAA8C020040B0AE /* LoginView.swift in Sources */,
				D2071D472BAB5E9E0040B0AE /* TextInputView.swift in Sources */,
				D2071D0E2BA62F300040B0AE /* ContentView.swift in Sources */,
				D28498EC2BE19DE300963B3A /* SecuredTextInputView.swift in Sources */,
				D2D6CD872C036BCD00DD7688 /* RouterView.swift in Sources */,
				D2D6CD7A2BF8FD0400DD7688 /* DialogViewModel.swift in Sources */,
				D284992E2BEEF4D800963B3A /* LegalButton.swift in Sources */,
				D2D6CD812BFBD2BE00DD7688 /* LegalPopupContent.swift in Sources */,
				D2D6CD892C038B1700DD7688 /* Color.swift in Sources */,
				D2D6CD852C03699000DD7688 /* RouterModel.swift in Sources */,
				D2071D0C2BA62F300040B0AE /* voiceoutApp.swift in Sources */,
				D28498EA2BE171F700963B3A /* Border.swift in Sources */,
				D28498EE2BE1B64100963B3A /* EmailValidator.swift in Sources */,
				D25C2ED22BDDD5D20011212A /* Spacing.swift in Sources */,
				D28499262BE9AB6200963B3A /* PopupView.swift in Sources */,
				D28499242BE9AAE300963B3A /* Popup.swift in Sources */,
				D28498DC2BDDE47F00963B3A /* ButtonView.swift in Sources */,
			);
			runOnlyForDeploymentPostprocessing = 0;
		};
/* End PBXSourcesBuildPhase section */

/* Begin PBXVariantGroup section */
		D2071D6E2BAB9E110040B0AE /* Localizable.strings */ = {
			isa = PBXVariantGroup;
			children = (
				D2071D6D2BAB9E110040B0AE /* en */,
				D2071D6F2BAB9E260040B0AE /* zh-Hans */,
			);
			name = Localizable.strings;
			sourceTree = "<group>";
		};
/* End PBXVariantGroup section */

/* Begin XCBuildConfiguration section */
		D2071D142BA62F340040B0AE /* Debug */ = {
			isa = XCBuildConfiguration;
			buildSettings = {
				ALWAYS_SEARCH_USER_PATHS = NO;
				CLANG_ANALYZER_LOCALIZABILITY_NONLOCALIZED = YES;
				CLANG_ANALYZER_NONNULL = YES;
				CLANG_ANALYZER_NUMBER_OBJECT_CONVERSION = YES_AGGRESSIVE;
				CLANG_CXX_LANGUAGE_STANDARD = "gnu++20";
				CLANG_ENABLE_MODULES = YES;
				CLANG_ENABLE_OBJC_ARC = YES;
				CLANG_ENABLE_OBJC_WEAK = YES;
				CLANG_WARN_BLOCK_CAPTURE_AUTORELEASING = YES;
				CLANG_WARN_BOOL_CONVERSION = YES;
				CLANG_WARN_COMMA = YES;
				CLANG_WARN_CONSTANT_CONVERSION = YES;
				CLANG_WARN_DEPRECATED_OBJC_IMPLEMENTATIONS = YES;
				CLANG_WARN_DIRECT_OBJC_ISA_USAGE = YES_ERROR;
				CLANG_WARN_DOCUMENTATION_COMMENTS = YES;
				CLANG_WARN_EMPTY_BODY = YES;
				CLANG_WARN_ENUM_CONVERSION = YES;
				CLANG_WARN_INFINITE_RECURSION = YES;
				CLANG_WARN_INT_CONVERSION = YES;
				CLANG_WARN_NON_LITERAL_NULL_CONVERSION = YES;
				CLANG_WARN_OBJC_IMPLICIT_RETAIN_SELF = YES;
				CLANG_WARN_OBJC_LITERAL_CONVERSION = YES;
				CLANG_WARN_OBJC_ROOT_CLASS = YES_ERROR;
				CLANG_WARN_QUOTED_INCLUDE_IN_FRAMEWORK_HEADER = YES;
				CLANG_WARN_RANGE_LOOP_ANALYSIS = YES;
				CLANG_WARN_STRICT_PROTOTYPES = YES;
				CLANG_WARN_SUSPICIOUS_MOVE = YES;
				CLANG_WARN_UNGUARDED_AVAILABILITY = YES_AGGRESSIVE;
				CLANG_WARN_UNREACHABLE_CODE = YES;
				CLANG_WARN__DUPLICATE_METHOD_MATCH = YES;
				COPY_PHASE_STRIP = NO;
				DEBUG_INFORMATION_FORMAT = dwarf;
				ENABLE_STRICT_OBJC_MSGSEND = YES;
				ENABLE_TESTABILITY = YES;
				GCC_C_LANGUAGE_STANDARD = gnu11;
				GCC_DYNAMIC_NO_PIC = NO;
				GCC_NO_COMMON_BLOCKS = YES;
				GCC_OPTIMIZATION_LEVEL = 0;
				GCC_PREPROCESSOR_DEFINITIONS = (
					"DEBUG=1",
					"$(inherited)",
				);
				GCC_WARN_64_TO_32_BIT_CONVERSION = YES;
				GCC_WARN_ABOUT_RETURN_TYPE = YES_ERROR;
				GCC_WARN_UNDECLARED_SELECTOR = YES;
				GCC_WARN_UNINITIALIZED_AUTOS = YES_AGGRESSIVE;
				GCC_WARN_UNUSED_FUNCTION = YES;
				GCC_WARN_UNUSED_VARIABLE = YES;
				IPHONEOS_DEPLOYMENT_TARGET = 16.2;
				MTL_ENABLE_DEBUG_INFO = INCLUDE_SOURCE;
				MTL_FAST_MATH = YES;
				ONLY_ACTIVE_ARCH = YES;
				SDKROOT = iphoneos;
				SWIFT_ACTIVE_COMPILATION_CONDITIONS = DEBUG;
				SWIFT_OPTIMIZATION_LEVEL = "-Onone";
			};
			name = Debug;
		};
		D2071D152BA62F340040B0AE /* Release */ = {
			isa = XCBuildConfiguration;
			buildSettings = {
				ALWAYS_SEARCH_USER_PATHS = NO;
				CLANG_ANALYZER_LOCALIZABILITY_NONLOCALIZED = YES;
				CLANG_ANALYZER_NONNULL = YES;
				CLANG_ANALYZER_NUMBER_OBJECT_CONVERSION = YES_AGGRESSIVE;
				CLANG_CXX_LANGUAGE_STANDARD = "gnu++20";
				CLANG_ENABLE_MODULES = YES;
				CLANG_ENABLE_OBJC_ARC = YES;
				CLANG_ENABLE_OBJC_WEAK = YES;
				CLANG_WARN_BLOCK_CAPTURE_AUTORELEASING = YES;
				CLANG_WARN_BOOL_CONVERSION = YES;
				CLANG_WARN_COMMA = YES;
				CLANG_WARN_CONSTANT_CONVERSION = YES;
				CLANG_WARN_DEPRECATED_OBJC_IMPLEMENTATIONS = YES;
				CLANG_WARN_DIRECT_OBJC_ISA_USAGE = YES_ERROR;
				CLANG_WARN_DOCUMENTATION_COMMENTS = YES;
				CLANG_WARN_EMPTY_BODY = YES;
				CLANG_WARN_ENUM_CONVERSION = YES;
				CLANG_WARN_INFINITE_RECURSION = YES;
				CLANG_WARN_INT_CONVERSION = YES;
				CLANG_WARN_NON_LITERAL_NULL_CONVERSION = YES;
				CLANG_WARN_OBJC_IMPLICIT_RETAIN_SELF = YES;
				CLANG_WARN_OBJC_LITERAL_CONVERSION = YES;
				CLANG_WARN_OBJC_ROOT_CLASS = YES_ERROR;
				CLANG_WARN_QUOTED_INCLUDE_IN_FRAMEWORK_HEADER = YES;
				CLANG_WARN_RANGE_LOOP_ANALYSIS = YES;
				CLANG_WARN_STRICT_PROTOTYPES = YES;
				CLANG_WARN_SUSPICIOUS_MOVE = YES;
				CLANG_WARN_UNGUARDED_AVAILABILITY = YES_AGGRESSIVE;
				CLANG_WARN_UNREACHABLE_CODE = YES;
				CLANG_WARN__DUPLICATE_METHOD_MATCH = YES;
				COPY_PHASE_STRIP = NO;
				DEBUG_INFORMATION_FORMAT = "dwarf-with-dsym";
				ENABLE_NS_ASSERTIONS = NO;
				ENABLE_STRICT_OBJC_MSGSEND = YES;
				GCC_C_LANGUAGE_STANDARD = gnu11;
				GCC_NO_COMMON_BLOCKS = YES;
				GCC_WARN_64_TO_32_BIT_CONVERSION = YES;
				GCC_WARN_ABOUT_RETURN_TYPE = YES_ERROR;
				GCC_WARN_UNDECLARED_SELECTOR = YES;
				GCC_WARN_UNINITIALIZED_AUTOS = YES_AGGRESSIVE;
				GCC_WARN_UNUSED_FUNCTION = YES;
				GCC_WARN_UNUSED_VARIABLE = YES;
				IPHONEOS_DEPLOYMENT_TARGET = 16.2;
				MTL_ENABLE_DEBUG_INFO = NO;
				MTL_FAST_MATH = YES;
				SDKROOT = iphoneos;
				SWIFT_COMPILATION_MODE = wholemodule;
				SWIFT_OPTIMIZATION_LEVEL = "-O";
				VALIDATE_PRODUCT = YES;
			};
			name = Release;
		};
		D2071D172BA62F340040B0AE /* Debug */ = {
			isa = XCBuildConfiguration;
			buildSettings = {
				ASSETCATALOG_COMPILER_APPICON_NAME = AppIcon;
				ASSETCATALOG_COMPILER_GLOBAL_ACCENT_COLOR_NAME = AccentColor;
				CODE_SIGN_STYLE = Automatic;
				CURRENT_PROJECT_VERSION = 1;
				DEVELOPMENT_ASSET_PATHS = "\"voiceout/Preview Content\"";
				ENABLE_PREVIEWS = YES;
				ENABLE_TESTING_SEARCH_PATHS = YES;
				GENERATE_INFOPLIST_FILE = YES;
				INFOPLIST_FILE = voiceout/Info.plist;
				INFOPLIST_KEY_LSApplicationCategoryType = "";
				INFOPLIST_KEY_UIApplicationSceneManifest_Generation = YES;
				INFOPLIST_KEY_UIApplicationSupportsIndirectInputEvents = YES;
				INFOPLIST_KEY_UILaunchScreen_Generation = YES;
				INFOPLIST_KEY_UISupportedInterfaceOrientations = UIInterfaceOrientationPortrait;
				INFOPLIST_KEY_UISupportedInterfaceOrientations_iPad = "UIInterfaceOrientationPortrait UIInterfaceOrientationPortraitUpsideDown";
				LD_RUNPATH_SEARCH_PATHS = (
					"$(inherited)",
					"@executable_path/Frameworks",
				);
				MARKETING_VERSION = 1.0;
				OTHER_LDFLAGS = "";
				PRODUCT_BUNDLE_IDENTIFIER = com.rita.voiceout;
				PRODUCT_NAME = "$(TARGET_NAME)";
				SUPPORTED_PLATFORMS = "iphoneos iphonesimulator";
				SUPPORTS_MACCATALYST = NO;
				SUPPORTS_MAC_DESIGNED_FOR_IPHONE_IPAD = NO;
				SWIFT_EMIT_LOC_STRINGS = YES;
				SWIFT_VERSION = 5.0;
				TARGETED_DEVICE_FAMILY = "1,2";
				WRAPPER_EXTENSION = app;
			};
			name = Debug;
		};
		D2071D182BA62F340040B0AE /* Release */ = {
			isa = XCBuildConfiguration;
			buildSettings = {
				ASSETCATALOG_COMPILER_APPICON_NAME = AppIcon;
				ASSETCATALOG_COMPILER_GLOBAL_ACCENT_COLOR_NAME = AccentColor;
				CODE_SIGN_STYLE = Automatic;
				CURRENT_PROJECT_VERSION = 1;
				DEVELOPMENT_ASSET_PATHS = "\"voiceout/Preview Content\"";
				ENABLE_PREVIEWS = YES;
				ENABLE_TESTING_SEARCH_PATHS = YES;
				GENERATE_INFOPLIST_FILE = YES;
				INFOPLIST_FILE = voiceout/Info.plist;
				INFOPLIST_KEY_LSApplicationCategoryType = "";
				INFOPLIST_KEY_UIApplicationSceneManifest_Generation = YES;
				INFOPLIST_KEY_UIApplicationSupportsIndirectInputEvents = YES;
				INFOPLIST_KEY_UILaunchScreen_Generation = YES;
				INFOPLIST_KEY_UISupportedInterfaceOrientations = UIInterfaceOrientationPortrait;
				INFOPLIST_KEY_UISupportedInterfaceOrientations_iPad = "UIInterfaceOrientationPortrait UIInterfaceOrientationPortraitUpsideDown";
				LD_RUNPATH_SEARCH_PATHS = (
					"$(inherited)",
					"@executable_path/Frameworks",
				);
				MARKETING_VERSION = 1.0;
				OTHER_LDFLAGS = "";
				PRODUCT_BUNDLE_IDENTIFIER = com.rita.voiceout;
				PRODUCT_NAME = "$(TARGET_NAME)";
				SUPPORTED_PLATFORMS = "iphoneos iphonesimulator";
				SUPPORTS_MACCATALYST = NO;
				SUPPORTS_MAC_DESIGNED_FOR_IPHONE_IPAD = NO;
				SWIFT_EMIT_LOC_STRINGS = YES;
				SWIFT_VERSION = 5.0;
				TARGETED_DEVICE_FAMILY = "1,2";
				WRAPPER_EXTENSION = app;
			};
			name = Release;
		};
/* End XCBuildConfiguration section */

/* Begin XCConfigurationList section */
		D2071D032BA62F300040B0AE /* Build configuration list for PBXProject "voiceout" */ = {
			isa = XCConfigurationList;
			buildConfigurations = (
				D2071D142BA62F340040B0AE /* Debug */,
				D2071D152BA62F340040B0AE /* Release */,
			);
			defaultConfigurationIsVisible = 0;
			defaultConfigurationName = Release;
		};
		D2071D162BA62F340040B0AE /* Build configuration list for PBXNativeTarget "voiceout" */ = {
			isa = XCConfigurationList;
			buildConfigurations = (
				D2071D172BA62F340040B0AE /* Debug */,
				D2071D182BA62F340040B0AE /* Release */,
			);
			defaultConfigurationIsVisible = 0;
			defaultConfigurationName = Release;
		};
/* End XCConfigurationList section */
	};
	rootObject = D2071D002BA62F300040B0AE /* Project object */;
}
